{
  "version": 4,
  "terraform_version": "1.9.6",
  "serial": 10,
  "lineage": "ca5d1e0f-4e38-d0e9-f5fe-3091027f23b0",
  "outputs": {},
  "resources": [
    {
      "mode": "data",
      "type": "aws_ami",
      "name": "latest_amazon_linux",
      "provider": "provider[\"registry.terraform.io/hashicorp/aws\"]",
      "instances": [
        {
          "schema_version": 0,
          "attributes": {
            "architecture": "x86_64",
            "arn": "arn:aws:ec2:us-east-1::image/ami-052b9fbb6949f883a",
            "block_device_mappings": [
              {
                "device_name": "/dev/xvda",
                "ebs": {
                  "delete_on_termination": "true",
                  "encrypted": "false",
                  "iops": "0",
                  "snapshot_id": "snap-0be4171a54ec9da0b",
                  "throughput": "0",
                  "volume_size": "8",
                  "volume_type": "gp2"
                },
                "no_device": "",
                "virtual_name": ""
              }
            ],
            "boot_mode": "",
            "creation_date": "2024-09-16T18:59:41.000Z",
            "deprecation_time": "2025-07-01T00:00:00.000Z",
            "description": "Amazon Linux 2 AMI 2.0.20240916.0 x86_64 HVM gp2",
            "ena_support": true,
            "executable_users": null,
            "filter": [
              {
                "name": "name",
                "values": [
                  "amzn2-ami-hvm-*-x86_64-gp2"
                ]
              }
            ],
            "hypervisor": "xen",
            "id": "ami-052b9fbb6949f883a",
            "image_id": "ami-052b9fbb6949f883a",
            "image_location": "amazon/amzn2-ami-hvm-2.0.20240916.0-x86_64-gp2",
            "image_owner_alias": "amazon",
            "image_type": "machine",
            "imds_support": "",
            "include_deprecated": false,
            "kernel_id": "",
            "most_recent": true,
            "name": "amzn2-ami-hvm-2.0.20240916.0-x86_64-gp2",
            "name_regex": null,
            "owner_id": "137112412989",
            "owners": [
              "amazon"
            ],
            "platform": "",
            "platform_details": "Linux/UNIX",
            "product_codes": [],
            "public": true,
            "ramdisk_id": "",
            "root_device_name": "/dev/xvda",
            "root_device_type": "ebs",
            "root_snapshot_id": "snap-0be4171a54ec9da0b",
            "sriov_net_support": "simple",
            "state": "available",
            "state_reason": {
              "code": "UNSET",
              "message": "UNSET"
            },
            "tags": {},
            "timeouts": null,
            "tpm_support": "",
            "usage_operation": "RunInstances",
            "virtualization_type": "hvm"
          },
          "sensitive_attributes": []
        }
      ]
    },
    {
      "mode": "data",
      "type": "aws_availability_zones",
      "name": "available",
      "provider": "provider[\"registry.terraform.io/hashicorp/aws\"]",
      "instances": [
        {
          "schema_version": 0,
          "attributes": {
            "all_availability_zones": null,
            "exclude_names": null,
            "exclude_zone_ids": null,
            "filter": null,
            "group_names": [
              "us-east-1"
            ],
            "id": "us-east-1",
            "names": [
              "us-east-1a",
              "us-east-1b",
              "us-east-1c",
              "us-east-1d",
              "us-east-1e",
              "us-east-1f"
            ],
            "state": "available",
            "timeouts": null,
            "zone_ids": [
              "use1-az1",
              "use1-az2",
              "use1-az4",
              "use1-az6",
              "use1-az3",
              "use1-az5"
            ]
          },
          "sensitive_attributes": []
        }
      ]
    },
    {
      "mode": "data",
      "type": "aws_vpc",
      "name": "default",
      "provider": "provider[\"registry.terraform.io/hashicorp/aws\"]",
      "instances": [
        {
          "schema_version": 0,
          "attributes": {
            "arn": "arn:aws:ec2:us-east-1:345771349539:vpc/vpc-0fe25bfc810e1d519",
            "cidr_block": "172.31.0.0/16",
            "cidr_block_associations": [
              {
                "association_id": "vpc-cidr-assoc-0c06c0bce6df7ec24",
                "cidr_block": "172.31.0.0/16",
                "state": "associated"
              }
            ],
            "default": true,
            "dhcp_options_id": "dopt-0b6c688c87b2861c5",
            "enable_dns_hostnames": true,
            "enable_dns_support": true,
            "enable_network_address_usage_metrics": false,
            "filter": null,
            "id": "vpc-0fe25bfc810e1d519",
            "instance_tenancy": "default",
            "ipv6_association_id": "",
            "ipv6_cidr_block": "",
            "main_route_table_id": "rtb-0395b3b999ce80ba7",
            "owner_id": "345771349539",
            "state": null,
            "tags": {},
            "timeouts": null
          },
          "sensitive_attributes": []
        }
      ]
    },
    {
      "mode": "managed",
      "type": "aws_ecr_repository",
      "name": "my_ecr_repo",
      "provider": "provider[\"registry.terraform.io/hashicorp/aws\"]",
      "instances": [
        {
          "schema_version": 0,
          "attributes": {
            "arn": "arn:aws:ecr:us-east-1:345771349539:repository/assignmentdocker-dev-ecr-repo",
            "encryption_configuration": [
              {
                "encryption_type": "AES256",
                "kms_key": ""
              }
            ],
            "force_delete": null,
            "id": "assignmentdocker-dev-ecr-repo",
            "image_scanning_configuration": [
              {
                "scan_on_push": false
              }
            ],
            "image_tag_mutability": "MUTABLE",
            "name": "assignmentdocker-dev-ecr-repo",
            "registry_id": "345771349539",
            "repository_url": "345771349539.dkr.ecr.us-east-1.amazonaws.com/assignmentdocker-dev-ecr-repo",
            "tags": {
              "App": "Web",
              "Name": "assignmentdocker-dev-ecr-repo",
              "Owner": "DockerAssignment",
              "Project": "assignment",
              "env": "dev"
            },
            "tags_all": {
              "App": "Web",
              "Name": "assignmentdocker-dev-ecr-repo",
              "Owner": "DockerAssignment",
              "Project": "assignment",
              "env": "dev"
            },
            "timeouts": null
          },
          "sensitive_attributes": [],
          "private": "eyJlMmJmYjczMC1lY2FhLTExZTYtOGY4OC0zNDM2M2JjN2M0YzAiOnsiZGVsZXRlIjoxMjAwMDAwMDAwMDAwfX0="
        }
      ]
    },
    {
      "mode": "managed",
      "type": "aws_key_pair",
      "name": "my_key",
      "provider": "provider[\"registry.terraform.io/hashicorp/aws\"]",
      "instances": [
        {
          "schema_version": 1,
          "attributes": {
            "arn": "arn:aws:ec2:us-east-1:345771349539:key-pair/assignmentdocker-dev",
            "fingerprint": "31:0d:58:d7:35:66:d2:1e:e0:32:50:5e:72:4d:39:b3",
            "id": "assignmentdocker-dev",
            "key_name": "assignmentdocker-dev",
            "key_name_prefix": "",
            "key_pair_id": "key-0871a922ae48b8d60",
            "key_type": "rsa",
            "public_key": "ssh-rsa AAAAB3NzaC1yc2EAAAADAQABAAABgQDOlcMjUwyJX+BQZ929PjHtWoJk/5X9EKBijHtnSsjzRDkdgtk4jY3qoQnyWgqwoYTjyyxcQJpN5WKYoZCKCNiAdjT3MpEmZoaqmbFHAEO67Ij71BBEmNICC0PBmFEVQNIy82iy0ljd1z53FFKZvLUAjrsPw9EZUhWujXNIKEuIkPY3ZSdiyaHoIS8H2IDKfGUPWoq1rwt3+5Up8CPM5y8zC7OEfXidK6k0Pagxf0Z4UmE4WjJc5n8UNUc3DVuTT0dqqhfntc/Ft8W+oYaIgJeKift6QxzN4Y8FAG3SmlSEqy1pCklFOOCtgXGVLc3M58stYGISEtOtL1YcEHowe17HvEF3gijiw9g1Tkuthc4JcJ29XqRL5NtBDmhUPWbmAB11Hmtp3y7Q4RUGQvQAOstBT4ZNhWTjKYisW1BMesr941FXslhPgo8k8GVA4wvs2Qt279HZbx709W4qdL6X3Bj++3WlCzCLAQUbs3SnhKckp3fqXNKrxfUqrIXXrbnjSBM= ec2-user@ip-172-31-20-209.ec2.internal",
            "tags": null,
            "tags_all": {}
          },
          "sensitive_attributes": [],
          "private": "eyJzY2hlbWFfdmVyc2lvbiI6IjEifQ==",
          "create_before_destroy": true
        }
      ]
    }
  ],
  "check_results": null
}
